
Microsoft Visual Studio Solution File, Format Version 12.00
# Visual Studio Version 17
VisualStudioVersion = 17.9.34701.34
MinimumVisualStudioVersion = 10.0.40219.1
Project("{FAE04EC0-301F-11D3-BF4B-00C04F79EFBC}") = "InterestCalculator", "InterestCalculator\InterestCalculator.csproj", "{4A2643F2-4EFD-4B50-9108-C9C0891CC29A}"
EndProject
Global
	GlobalSection(SolutionConfigurationPlatforms) = preSolution
		Debug|Any CPU = Debug|Any CPU
		Release|Any CPU = Release|Any CPU
	EndGlobalSection
	GlobalSection(ProjectConfigurationPlatforms) = postSolution
		{4A2643F2-4EFD-4B50-9108-C9C0891CC29A}.Debug|Any CPU.ActiveCfg = Debug|Any CPU
		{4A2643F2-4EFD-4B50-9108-C9C0891CC29A}.Debug|Any CPU.Build.0 = Debug|Any CPU
		{4A2643F2-4EFD-4B50-9108-C9C0891CC29A}.Release|Any CPU.ActiveCfg = Release|Any CPU
		{4A2643F2-4EFD-4B50-9108-C9C0891CC29A}.Release|Any CPU.Build.0 = Release|Any CPU
	EndGlobalSection
	GlobalSection(SolutionProperties) = preSolution
		HideSolutionNode = FALSE
	EndGlobalSection
	GlobalSection(ExtensibilityGlobals) = postSolution
		SolutionGuid = {3DA72E29-88E9-4341-A36C-2052BD1303EB}
	EndGlobalSection
EndGlobal
